// !$*UTF8*$!
{
	archiveVersion = 1;
	classes = {
	};
	objectVersion = 46;
	objects = {

/* Begin PBXBuildFile section */
		68CB4D281AB2FA3000173E92 /* main.m in Sources */ = {isa = PBXBuildFile; fileRef = 68CB4D271AB2FA3000173E92 /* main.m */; };
		68CB4D2B1AB2FA3000173E92 /* AppDelegate.m in Sources */ = {isa = PBXBuildFile; fileRef = 68CB4D2A1AB2FA3000173E92 /* AppDelegate.m */; };
		68CB4D311AB2FA3000173E92 /* Main.storyboard in Resources */ = {isa = PBXBuildFile; fileRef = 68CB4D2F1AB2FA3000173E92 /* Main.storyboard */; };
		68CB4D331AB2FA3000173E92 /* Images.xcassets in Resources */ = {isa = PBXBuildFile; fileRef = 68CB4D321AB2FA3000173E92 /* Images.xcassets */; };
		68CB4D361AB2FA3000173E92 /* LaunchScreen.xib in Resources */ = {isa = PBXBuildFile; fileRef = 68CB4D341AB2FA3000173E92 /* LaunchScreen.xib */; };
		68CB4D421AB2FA3000173E92 /* BJRippleCellsTests.m in Sources */ = {isa = PBXBuildFile; fileRef = 68CB4D411AB2FA3000173E92 /* BJRippleCellsTests.m */; };
		68CB4D4D1AB2FA6400173E92 /* BJRippleCells.m in Sources */ = {isa = PBXBuildFile; fileRef = 68CB4D4C1AB2FA6400173E92 /* BJRippleCells.m */; };
		68CB4D501AB2FA8200173E92 /* MyTableView.m in Sources */ = {isa = PBXBuildFile; fileRef = 68CB4D4F1AB2FA8200173E92 /* MyTableView.m */; };
/* End PBXBuildFile section */

/* Begin PBXContainerItemProxy section */
		68CB4D3C1AB2FA3000173E92 /* PBXContainerItemProxy */ = {
			isa = PBXContainerItemProxy;
			containerPortal = 68CB4D1A1AB2FA3000173E92 /* Project object */;
			proxyType = 1;
			remoteGlobalIDString = 68CB4D211AB2FA3000173E92;
			remoteInfo = BJRippleCells;
		};
/* End PBXContainerItemProxy section */

/* Begin PBXFileReference section */
		68CB4D221AB2FA3000173E92 /* BJRippleCells.app */ = {isa = PBXFileReference; explicitFileType = wrapper.application; includeInIndex = 0; path = BJRippleCells.app; sourceTree = BUILT_PRODUCTS_DIR; };
		68CB4D261AB2FA3000173E92 /* Info.plist */ = {isa = PBXFileReference; lastKnownFileType = text.plist.xml; path = Info.plist; sourceTree = "<group>"; };
		68CB4D271AB2FA3000173E92 /* main.m */ = {isa = PBXFileReference; lastKnownFileType = sourcecode.c.objc; path = main.m; sourceTree = "<group>"; };
		68CB4D291AB2FA3000173E92 /* AppDelegate.h */ = {isa = PBXFileReference; lastKnownFileType = sourcecode.c.h; path = AppDelegate.h; sourceTree = "<group>"; };
		68CB4D2A1AB2FA3000173E92 /* AppDelegate.m */ = {isa = PBXFileReference; lastKnownFileType = sourcecode.c.objc; path = AppDelegate.m; sourceTree = "<group>"; };
		68CB4D301AB2FA3000173E92 /* Base */ = {isa = PBXFileReference; lastKnownFileType = file.storyboard; name = Base; path = Base.lproj/Main.storyboard; sourceTree = "<group>"; };
		68CB4D321AB2FA3000173E92 /* Images.xcassets */ = {isa = PBXFileReference; lastKnownFileType = folder.assetcatalog; path = Images.xcassets; sourceTree = "<group>"; };
		68CB4D351AB2FA3000173E92 /* Base */ = {isa = PBXFileReference; lastKnownFileType = file.xib; name = Base; path = Base.lproj/LaunchScreen.xib; sourceTree = "<group>"; };
		68CB4D3B1AB2FA3000173E92 /* BJRippleCellsTests.xctest */ = {isa = PBXFileReference; explicitFileType = wrapper.cfbundle; includeInIndex = 0; path = BJRippleCellsTests.xctest; sourceTree = BUILT_PRODUCTS_DIR; };
		68CB4D401AB2FA3000173E92 /* Info.plist */ = {isa = PBXFileReference; lastKnownFileType = text.plist.xml; path = Info.plist; sourceTree = "<group>"; };
		68CB4D411AB2FA3000173E92 /* BJRippleCellsTests.m */ = {isa = PBXFileReference; lastKnownFileType = sourcecode.c.objc; path = BJRippleCellsTests.m; sourceTree = "<group>"; };
		68CB4D4B1AB2FA6300173E92 /* BJRippleCells.h */ = {isa = PBXFileReference; fileEncoding = 4; lastKnownFileType = sourcecode.c.h; path = BJRippleCells.h; sourceTree = "<group>"; };
		68CB4D4C1AB2FA6400173E92 /* BJRippleCells.m */ = {isa = PBXFileReference; fileEncoding = 4; lastKnownFileType = sourcecode.c.objc; path = BJRippleCells.m; sourceTree = "<group>"; };
		68CB4D4E1AB2FA8200173E92 /* MyTableView.h */ = {isa = PBXFileReference; fileEncoding = 4; lastKnownFileType = sourcecode.c.h; path = MyTableView.h; sourceTree = "<group>"; };
		68CB4D4F1AB2FA8200173E92 /* MyTableView.m */ = {isa = PBXFileReference; fileEncoding = 4; lastKnownFileType = sourcecode.c.objc; path = MyTableView.m; sourceTree = "<group>"; };
/* End PBXFileReference section */

/* Begin PBXFrameworksBuildPhase section */
		68CB4D1F1AB2FA3000173E92 /* Frameworks */ = {
			isa = PBXFrameworksBuildPhase;
			buildActionMask = 2147483647;
			files = (
			);
			runOnlyForDeploymentPostprocessing = 0;
		};
		68CB4D381AB2FA3000173E92 /* Frameworks */ = {
			isa = PBXFrameworksBuildPhase;
			buildActionMask = 2147483647;
			files = (
			);
			runOnlyForDeploymentPostprocessing = 0;
		};
/* End PBXFrameworksBuildPhase section */

/* Begin PBXGroup section */
		68CB4D191AB2FA3000173E92 = {
			isa = PBXGroup;
			children = (
				68CB4D241AB2FA3000173E92 /* BJRippleCells */,
				68CB4D3E1AB2FA3000173E92 /* BJRippleCellsTests */,
				68CB4D231AB2FA3000173E92 /* Products */,
			);
			sourceTree = "<group>";
		};
		68CB4D231AB2FA3000173E92 /* Products */ = {
			isa = PBXGroup;
			children = (
				68CB4D221AB2FA3000173E92 /* BJRippleCells.app */,
				68CB4D3B1AB2FA3000173E92 /* BJRippleCellsTests.xctest */,
			);
			name = Products;
			sourceTree = "<group>";
		};
		68CB4D241AB2FA3000173E92 /* BJRippleCells */ = {
			isa = PBXGroup;
			children = (
				68CB4D4B1AB2FA6300173E92 /* BJRippleCells.h */,
				68CB4D4C1AB2FA6400173E92 /* BJRippleCells.m */,
				68CB4D4E1AB2FA8200173E92 /* MyTableView.h */,
				68CB4D4F1AB2FA8200173E92 /* MyTableView.m */,
				68CB4D291AB2FA3000173E92 /* AppDelegate.h */,
				68CB4D2A1AB2FA3000173E92 /* AppDelegate.m */,
				68CB4D2F1AB2FA3000173E92 /* Main.storyboard */,
				68CB4D321AB2FA3000173E92 /* Images.xcassets */,
				68CB4D341AB2FA3000173E92 /* LaunchScreen.xib */,
				68CB4D251AB2FA3000173E92 /* Supporting Files */,
			);
			path = BJRippleCells;
			sourceTree = "<group>";
		};
		68CB4D251AB2FA3000173E92 /* Supporting Files */ = {
			isa = PBXGroup;
			children = (
				68CB4D261AB2FA3000173E92 /* Info.plist */,
				68CB4D271AB2FA3000173E92 /* main.m */,
			);
			name = "Supporting Files";
			sourceTree = "<group>";
		};
		68CB4D3E1AB2FA3000173E92 /* BJRippleCellsTests */ = {
			isa = PBXGroup;
			children = (
				68CB4D411AB2FA3000173E92 /* BJRippleCellsTests.m */,
				68CB4D3F1AB2FA3000173E92 /* Supporting Files */,
			);
			path = BJRippleCellsTests;
			sourceTree = "<group>";
		};
		68CB4D3F1AB2FA3000173E92 /* Supporting Files */ = {
			isa = PBXGroup;
			children = (
				68CB4D401AB2FA3000173E92 /* Info.plist */,
			);
			name = "Supporting Files";
			sourceTree = "<group>";
		};
/* End PBXGroup section */

/* Begin PBXNativeTarget section */
		68CB4D211AB2FA3000173E92 /* BJRippleCells */ = {
			isa = PBXNativeTarget;
			buildConfigurationList = 68CB4D451AB2FA3000173E92 /* Build configuration list for PBXNativeTarget "BJRippleCells" */;
			buildPhases = (
				68CB4D1E1AB2FA3000173E92 /* Sources */,
				68CB4D1F1AB2FA3000173E92 /* Frameworks */,
				68CB4D201AB2FA3000173E92 /* Resources */,
			);
			buildRules = (
			);
			dependencies = (
			);
			name = BJRippleCells;
			productName = BJRippleCells;
			productReference = 68CB4D221AB2FA3000173E92 /* BJRippleCells.app */;
			productType = "com.apple.product-type.application";
		};
		68CB4D3A1AB2FA3000173E92 /* BJRippleCellsTests */ = {
			isa = PBXNativeTarget;
			buildConfigurationList = 68CB4D481AB2FA3000173E92 /* Build configuration list for PBXNativeTarget "BJRippleCellsTests" */;
			buildPhases = (
				68CB4D371AB2FA3000173E92 /* Sources */,
				68CB4D381AB2FA3000173E92 /* Frameworks */,
				68CB4D391AB2FA3000173E92 /* Resources */,
			);
			buildRules = (
			);
			dependencies = (
				68CB4D3D1AB2FA3000173E92 /* PBXTargetDependency */,
			);
			name = BJRippleCellsTests;
			productName = BJRippleCellsTests;
			productReference = 68CB4D3B1AB2FA3000173E92 /* BJRippleCellsTests.xctest */;
			productType = "com.apple.product-type.bundle.unit-test";
		};
/* End PBXNativeTarget section */

/* Begin PBXProject section */
		68CB4D1A1AB2FA3000173E92 /* Project object */ = {
			isa = PBXProject;
			attributes = {
				LastUpgradeCheck = 0610;
				ORGANIZATIONNAME = "Bablu Joshi";
				TargetAttributes = {
					68CB4D211AB2FA3000173E92 = {
						CreatedOnToolsVersion = 6.1.1;
					};
					68CB4D3A1AB2FA3000173E92 = {
						CreatedOnToolsVersion = 6.1.1;
						TestTargetID = 68CB4D211AB2FA3000173E92;
					};
				};
			};
			buildConfigurationList = 68CB4D1D1AB2FA3000173E92 /* Build configuration list for PBXProject "BJRippleCells" */;
			compatibilityVersion = "Xcode 3.2";
			developmentRegion = English;
			hasScannedForEncodings = 0;
			knownRegions = (
				en,
				Base,
			);
			mainGroup = 68CB4D191AB2FA3000173E92;
			productRefGroup = 68CB4D231AB2FA3000173E92 /* Products */;
			projectDirPath = "";
			projectRoot = "";
			targets = (
				68CB4D211AB2FA3000173E92 /* BJRippleCells */,
				68CB4D3A1AB2FA3000173E92 /* BJRippleCellsTests */,
			);
		};
/* End PBXProject section */

/* Begin PBXResourcesBuildPhase section */
		68CB4D201AB2FA3000173E92 /* Resources */ = {
			isa = PBXResourcesBuildPhase;
			buildActionMask = 2147483647;
			files = (
				68CB4D311AB2FA3000173E92 /* Main.storyboard in Resources */,
				68CB4D361AB2FA3000173E92 /* LaunchScreen.xib in Resources */,
				68CB4D331AB2FA3000173E92 /* Images.xcassets in Resources */,
			);
			runOnlyForDeploymentPostprocessing = 0;
		};
		68CB4D391AB2FA3000173E92 /* Resources */ = {
			isa = PBXResourcesBuildPhase;
			buildActionMask = 2147483647;
			files = (
			);
			runOnlyForDeploymentPostprocessing = 0;
		};
/* End PBXResourcesBuildPhase section */

/* Begin PBXSourcesBuildPhase section */
		68CB4D1E1AB2FA3000173E92 /* Sources */ = {
			isa = PBXSourcesBuildPhase;
			buildActionMask = 2147483647;
			files = (
				68CB4D4D1AB2FA6400173E92 /* BJRippleCells.m in Sources */,
				68CB4D501AB2FA8200173E92 /* MyTableView.m in Sources */,
				68CB4D2B1AB2FA3000173E92 /* AppDelegate.m in Sources */,
				68CB4D281AB2FA3000173E92 /* main.m in Sources */,
			);
			runOnlyForDeploymentPostprocessing = 0;
		};
		68CB4D371AB2FA3000173E92 /* Sources */ = {
			isa = PBXSourcesBuildPhase;
			buildActionMask = 2147483647;
			files = (
				68CB4D421AB2FA3000173E92 /* BJRippleCellsTests.m in Sources */,
			);
			runOnlyForDeploymentPostprocessing = 0;
		};
/* End PBXSourcesBuildPhase section */

/* Begin PBXTargetDependency section */
		68CB4D3D1AB2FA3000173E92 /* PBXTargetDependency */ = {
			isa = PBXTargetDependency;
			target = 68CB4D211AB2FA3000173E92 /* BJRippleCells */;
			targetProxy = 68CB4D3C1AB2FA3000173E92 /* PBXContainerItemProxy */;
		};
/* End PBXTargetDependency section */

/* Begin PBXVariantGroup section */
		68CB4D2F1AB2FA3000173E92 /* Main.storyboard */ = {
			isa = PBXVariantGroup;
			children = (
				68CB4D301AB2FA3000173E92 /* Base */,
			);
			name = Main.storyboard;
			sourceTree = "<group>";
		};
		68CB4D341AB2FA3000173E92 /* LaunchScreen.xib */ = {
			isa = PBXVariantGroup;
			children = (
				68CB4D351AB2FA3000173E92 /* Base */,
			);
			name = LaunchScreen.xib;
			sourceTree = "<group>";
		};
/* End PBXVariantGroup section */

/* Begin XCBuildConfiguration section */
		68CB4D431AB2FA3000173E92 /* Debug */ = {
			isa = XCBuildConfiguration;
			buildSettings = {
				ALWAYS_SEARCH_USER_PATHS = NO;
				CLANG_CXX_LANGUAGE_STANDARD = "gnu++0x";
				CLANG_CXX_LIBRARY = "libc++";
				CLANG_ENABLE_MODULES = YES;
				CLANG_ENABLE_OBJC_ARC = YES;
				CLANG_WARN_BOOL_CONVERSION = YES;
				CLANG_WARN_CONSTANT_CONVERSION = YES;
				CLANG_WARN_DIRECT_OBJC_ISA_USAGE = YES_ERROR;
				CLANG_WARN_EMPTY_BODY = YES;
				CLANG_WARN_ENUM_CONVERSION = YES;
				CLANG_WARN_INT_CONVERSION = YES;
				CLANG_WARN_OBJC_ROOT_CLASS = YES_ERROR;
				CLANG_WARN_UNREACHABLE_CODE = YES;
				CLANG_WARN__DUPLICATE_METHOD_MATCH = YES;
				"CODE_SIGN_IDENTITY[sdk=iphoneos*]" = "iPhone Developer";
				COPY_PHASE_STRIP = NO;
				ENABLE_STRICT_OBJC_MSGSEND = YES;
				GCC_C_LANGUAGE_STANDARD = gnu99;
				GCC_DYNAMIC_NO_PIC = NO;
				GCC_OPTIMIZATION_LEVEL = 0;
				GCC_PREPROCESSOR_DEFINITIONS = (
					"DEBUG=1",
					"$(inherited)",
				);
				GCC_SYMBOLS_PRIVATE_EXTERN = NO;
				GCC_WARN_64_TO_32_BIT_CONVERSION = YES;
				GCC_WARN_ABOUT_RETURN_TYPE = YES_ERROR;
				GCC_WARN_UNDECLARED_SELECTOR = YES;
				GCC_WARN_UNINITIALIZED_AUTOS = YES_AGGRESSIVE;
				GCC_WARN_UNUSED_FUNCTION = YES;
				GCC_WARN_UNUSED_VARIABLE = YES;
				IPHONEOS_DEPLOYMENT_TARGET = 7.0;
				MTL_ENABLE_DEBUG_INFO = YES;
				ONLY_ACTIVE_ARCH = YES;
				SDKROOT = iphoneos;
			};
			name = Debug;
		};
		68CB4D441AB2FA3000173E92 /* Release */ = {
			isa = XCBuildConfiguration;
			buildSettings = {
				ALWAYS_SEARCH_USER_PATHS = NO;
				CLANG_CXX_LANGUAGE_STANDARD = "gnu++0x";
				CLANG_CXX_LIBRARY = "libc++";
				CLANG_ENABLE_MODULES = YES;
				CLANG_ENABLE_OBJC_ARC = YES;
				CLANG_WARN_BOOL_CONVERSION = YES;
				CLANG_WARN_CONSTANT_CONVERSION = YES;
				CLANG_WARN_DIRECT_OBJC_ISA_USAGE = YES_ERROR;
				CLANG_WARN_EMPTY_BODY = YES;
				CLANG_WARN_ENUM_CONVERSION = YES;
				CLANG_WARN_INT_CONVERSION = YES;
				CLANG_WARN_OBJC_ROOT_CLASS = YES_ERROR;
				CLANG_WARN_UNREACHABLE_CODE = YES;
				CLANG_WARN__DUPLICATE_METHOD_MATCH = YES;
				"CODE_SIGN_IDENTITY[sdk=iphoneos*]" = "iPhone Developer";
				COPY_PHASE_STRIP = YES;
				ENABLE_NS_ASSERTIONS = NO;
				ENABLE_STRICT_OBJC_MSGSEND = YES;
				GCC_C_LANGUAGE_STANDARD = gnu99;
				GCC_WARN_64_TO_32_BIT_CONVERSION = YES;
				GCC_WARN_ABOUT_RETURN_TYPE = YES_ERROR;
				GCC_WARN_UNDECLARED_SELECTOR = YES;
				GCC_WARN_UNINITIALIZED_AUTOS = YES_AGGRESSIVE;
				GCC_WARN_UNUSED_FUNCTION = YES;
				GCC_WARN_UNUSED_VARIABLE = YES;
				IPHONEOS_DEPLOYMENT_TARGET = 7.0;
				MTL_ENABLE_DEBUG_INFO = NO;
				SDKROOT = iphoneos;
				VALIDATE_PRODUCT = YES;
			};
			name = Release;
		};
		68CB4D461AB2FA3000173E92 /* Debug */ = {
			isa = XCBuildConfiguration;
			buildSettings = {
				ASSETCATALOG_COMPILER_APPICON_NAME = AppIcon;
				INFOPLIST_FILE = BJRippleCells/Info.plist;
				IPHONEOS_DEPLOYMENT_TARGET = 7.0;
				LD_RUNPATH_SEARCH_PATHS = "$(inherited) @executable_path/Frameworks";
				PRODUCT_NAME = "$(TARGET_NAME)";
			};
			name = Debug;
		};
		68CB4D471AB2FA3000173E92 /* Release */ = {
			isa = XCBuildConfiguration;
			buildSettings = {
				ASSETCATALOG_COMPILER_APPICON_NAME = AppIcon;
				INFOPLIST_FILE = BJRippleCells/Info.plist;
				IPHONEOS_DEPLOYMENT_TARGET = 7.0;
				LD_RUNPATH_SEARCH_PATHS = "$(inherited) @executable_path/Frameworks";
				PRODUCT_NAME = "$(TARGET_NAME)";
			};
			name = Release;
		};
		68CB4D491AB2FA3000173E92 /* Debug */ = {
			isa = XCBuildConfiguration;
			buildSettings = {
				BUNDLE_LOADER = "$(TEST_HOST)";
				FRAMEWORK_SEARCH_PATHS = (
					"$(SDKROOT)/Developer/Library/Frameworks",
					"$(inherited)",
				);
				GCC_PREPROCESSOR_DEFINITIONS = (
					"DEBUG=1",
					"$(inherited)",
				);
				INFOPLIST_FILE = BJRippleCellsTests/Info.plist;
				LD_RUNPATH_SEARCH_PATHS = "$(inherited) @executable_path/Frameworks @loader_path/Frameworks";
				PRODUCT_NAME = "$(TARGET_NAME)";
				TEST_HOST = "$(BUILT_PRODUCTS_DIR)/BJRippleCells.app/BJRippleCells";
			};
			name = Debug;
		};
		68CB4D4A1AB2FA3000173E92 /* Release */ = {
			isa = XCBuildConfiguration;
			buildSettings = {
				BUNDLE_LOADER = "$(TEST_HOST)";
				FRAMEWORK_SEARCH_PATHS = (
					"$(SDKROOT)/Developer/Library/Frameworks",
					"$(inherited)",
				);
				INFOPLIST_FILE = BJRippleCellsTests/Info.plist;
				LD_RUNPATH_SEARCH_PATHS = "$(inherited) @executable_path/Frameworks @loader_path/Frameworks";
				PRODUCT_NAME = "$(TARGET_NAME)";
				TEST_HOST = "$(BUILT_PRODUCTS_DIR)/BJRippleCells.app/BJRippleCells";
			};
			name = Release;
		};
/* End XCBuildConfiguration section */

/* Begin XCConfigurationList section */
		68CB4D1D1AB2FA3000173E92 /* Build configuration list for PBXProject "BJRippleCells" */ = {
			isa = XCConfigurationList;
			buildConfigurations = (
				68CB4D431AB2FA3000173E92 /* Debug */,
				68CB4D441AB2FA3000173E92 /* Release */,
			);
			defaultConfigurationIsVisible = 0;
			defaultConfigurationName = Release;
		};
		68CB4D451AB2FA3000173E92 /* Build configuration list for PBXNativeTarget "BJRippleCells" */ = {
			isa = XCConfigurationList;
			buildConfigurations = (
				68CB4D461AB2FA3000173E92 /* Debug */,
				68CB4D471AB2FA3000173E92 /* Release */,
			);
			defaultConfigurationIsVisible = 0;
		};
		68CB4D481AB2FA3000173E92 /* Build configuration list for PBXNativeTarget "BJRippleCellsTests" */ = {
			isa = XCConfigurationList;
			buildConfigurations = (
				68CB4D491AB2FA3000173E92 /* Debug */,
				68CB4D4A1AB2FA3000173E92 /* Release */,
			);
			defaultConfigurationIsVisible = 0;
		};
/* End XCConfigurationList section */
	};
	rootObject = 68CB4D1A1AB2FA3000173E92 /* Project object */;
}
